
Microsoft Visual Studio Solution File, Format Version 12.00
# Visual Studio Express 14 for Web
VisualStudioVersion = 14.0.25420.1
MinimumVisualStudioVersion = 10.0.40219.1
Project("{FAE04EC0-301F-11D3-BF4B-00C04F79EFBC}") = "webapp.Tests", "webapp.Tests\webapp.Tests.csproj", "{20DAFE1B-005A-4589-B8FE-69D28A1E478A}"
EndProject
Project("{FAE04EC0-301F-11D3-BF4B-00C04F79EFBC}") = "websample", "websample\websample.csproj", "{2AAD35BE-F36A-404D-B1F5-43609E3011BF}"
EndProject
Global
	GlobalSection(SolutionConfigurationPlatforms) = preSolution
		Debug|Any CPU = Debug|Any CPU
		Release|Any CPU = Release|Any CPU
	EndGlobalSection
	GlobalSection(ProjectConfigurationPlatforms) = postSolution
		{20DAFE1B-005A-4589-B8FE-69D28A1E478A}.Debug|Any CPU.ActiveCfg = Debug|Any CPU
		{20DAFE1B-005A-4589-B8FE-69D28A1E478A}.Debug|Any CPU.Build.0 = Debug|Any CPU
		{20DAFE1B-005A-4589-B8FE-69D28A1E478A}.Release|Any CPU.ActiveCfg = Release|Any CPU
		{20DAFE1B-005A-4589-B8FE-69D28A1E478A}.Release|Any CPU.Build.0 = Release|Any CPU
		{2AAD35BE-F36A-404D-B1F5-43609E3011BF}.Debug|Any CPU.ActiveCfg = Debug|Any CPU
		{2AAD35BE-F36A-404D-B1F5-43609E3011BF}.Debug|Any CPU.Build.0 = Debug|Any CPU
		{2AAD35BE-F36A-404D-B1F5-43609E3011BF}.Release|Any CPU.ActiveCfg = Release|Any CPU
		{2AAD35BE-F36A-404D-B1F5-43609E3011BF}.Release|Any CPU.Build.0 = Release|Any CPU
	EndGlobalSection
	GlobalSection(SolutionProperties) = preSolution
		HideSolutionNode = FALSE
	EndGlobalSection
EndGlobal
